// !$*UTF8*$!
{
	archiveVersion = 1;
	classes = {
	};
	objectVersion = 46;
	objects = {

/* Begin PBXBuildFile section */
		1465805821F1D72B00031033 /* asadqq.swift in Sources */ = {isa = PBXBuildFile; fileRef = 1465805721F1D72B00031033 /* asadqq.swift */; };
		1465806621F1D78C00031033 /* qqqq.swift in Sources */ = {isa = PBXBuildFile; fileRef = 1465806521F1D78C00031033 /* qqqq.swift */; };
		BF_152233425051 /* MyFramework.h in Headers */ = {isa = PBXBuildFile; fileRef = FR_194573025500 /* MyFramework.h */; settings = {ATTRIBUTES = (Public, ); }; };
		BF_280714084481 /* AppDelegate.swift in Sources */ = {isa = PBXBuildFile; fileRef = FR_404978356824 /* AppDelegate.swift */; };
		BF_311903075851 /* MyUITests.swift in Sources */ = {isa = PBXBuildFile; fileRef = FR_607733470270 /* MyUITests.swift */; };
		BF_418778697507 /* ViewController.swift in Sources */ = {isa = PBXBuildFile; fileRef = FR_139473914418 /* ViewController.swift */; };
		BF_496818181043 /* LaunchScreen.storyboard in Resources */ = {isa = PBXBuildFile; fileRef = VG_774524165954 /* LaunchScreen.storyboard */; };
		BF_500157357591 /* Assets.xcassets in Resources */ = {isa = PBXBuildFile; fileRef = FR_378218052976 /* Assets.xcassets */; };
		BF_512511575257 /* MyUnitTests.swift in Sources */ = {isa = PBXBuildFile; fileRef = FR_755160748720 /* MyUnitTests.swift */; };
		BF_773742861029 /* Main.storyboard in Resources */ = {isa = PBXBuildFile; fileRef = VG_919157826324 /* Main.storyboard */; };
		BF_897738855417 /* MyFrameworkUnitTests.swift in Sources */ = {isa = PBXBuildFile; fileRef = FR_210475969464 /* MyFrameworkUnitTests.swift */; };
/* End PBXBuildFile section */

/* Begin PBXContainerItemProxy section */
		1465805A21F1D72B00031033 /* PBXContainerItemProxy */ = {
			isa = PBXContainerItemProxy;
			containerPortal = P_3699554270853 /* Project object */;
			proxyType = 1;
			remoteGlobalIDString = NT_479946374821;
			remoteInfo = MyApp;
		};
		1465806821F1D78C00031033 /* PBXContainerItemProxy */ = {
			isa = PBXContainerItemProxy;
			containerPortal = P_3699554270853 /* Project object */;
			proxyType = 1;
			remoteGlobalIDString = NT_479946374821;
			remoteInfo = MyApp;
		};
		146580A921F1D7EC00031033 /* PBXContainerItemProxy */ = {
			isa = PBXContainerItemProxy;
			containerPortal = P_3699554270853 /* Project object */;
			proxyType = 1;
			remoteGlobalIDString = NT_479946374821;
			remoteInfo = MyApp;
		};
		CIP_36924891766 /* PBXContainerItemProxy */ = {
			isa = PBXContainerItemProxy;
			containerPortal = P_3699554270853 /* Project object */;
			proxyType = 1;
			remoteGlobalIDString = NT_479946374821;
			remoteInfo = MyApp;
		};
/* End PBXContainerItemProxy section */

/* Begin PBXFileReference section */
		1465805521F1D72B00031033 /* asadqq.xctest */ = {isa = PBXFileReference; explicitFileType = wrapper.cfbundle; includeInIndex = 0; path = asadqq.xctest; sourceTree = BUILT_PRODUCTS_DIR; };
		1465805721F1D72B00031033 /* asadqq.swift */ = {isa = PBXFileReference; lastKnownFileType = sourcecode.swift; path = asadqq.swift; sourceTree = "<group>"; };
		1465805921F1D72B00031033 /* Info.plist */ = {isa = PBXFileReference; lastKnownFileType = text.plist.xml; path = Info.plist; sourceTree = "<group>"; };
		1465806321F1D78C00031033 /* qqqq.xctest */ = {isa = PBXFileReference; explicitFileType = wrapper.cfbundle; includeInIndex = 0; path = qqqq.xctest; sourceTree = BUILT_PRODUCTS_DIR; };
		1465806521F1D78C00031033 /* qqqq.swift */ = {isa = PBXFileReference; lastKnownFileType = sourcecode.swift; path = qqqq.swift; sourceTree = "<group>"; };
		1465806721F1D78C00031033 /* Info.plist */ = {isa = PBXFileReference; lastKnownFileType = text.plist.xml; path = Info.plist; sourceTree = "<group>"; };
		14A2229E21F1B456001C6DFB /* PlaceHold.swift */ = {isa = PBXFileReference; lastKnownFileType = sourcecode.swift; path = PlaceHold.swift; sourceTree = "<group>"; };
		FR_120526455208 /* Info.plist */ = {isa = PBXFileReference; lastKnownFileType = text.plist.xml; path = Info.plist; sourceTree = "<group>"; };
		FR_139473914418 /* ViewController.swift */ = {isa = PBXFileReference; lastKnownFileType = sourcecode.swift; path = ViewController.swift; sourceTree = "<group>"; };
		FR_194573025500 /* MyFramework.h */ = {isa = PBXFileReference; lastKnownFileType = sourcecode.c.h; path = MyFramework.h; sourceTree = "<group>"; };
		FR_195685326582 /* Info.plist */ = {isa = PBXFileReference; lastKnownFileType = text.plist.xml; path = Info.plist; sourceTree = "<group>"; };
		FR_210475969464 /* MyFrameworkUnitTests.swift */ = {isa = PBXFileReference; lastKnownFileType = sourcecode.swift; path = MyFrameworkUnitTests.swift; sourceTree = "<group>"; };
		FR_299349787321 /* MyFramework.framework */ = {isa = PBXFileReference; explicitFileType = wrapper.framework; includeInIndex = 0; path = MyFramework.framework; sourceTree = BUILT_PRODUCTS_DIR; };
		FR_369248917660 /* MyUITests.xctest */ = {isa = PBXFileReference; includeInIndex = 0; lastKnownFileType = wrapper.cfbundle; path = MyUITests.xctest; sourceTree = BUILT_PRODUCTS_DIR; };
		FR_378218052976 /* Assets.xcassets */ = {isa = PBXFileReference; lastKnownFileType = folder.assetcatalog; path = Assets.xcassets; sourceTree = "<group>"; };
		FR_404978356824 /* AppDelegate.swift */ = {isa = PBXFileReference; lastKnownFileType = sourcecode.swift; path = AppDelegate.swift; sourceTree = "<group>"; };
		FR_468302164643 /* Debug.xcconfig */ = {isa = PBXFileReference; lastKnownFileType = text.xcconfig; path = Debug.xcconfig; sourceTree = "<group>"; };
		FR_479946374821 /* MyApp.app */ = {isa = PBXFileReference; includeInIndex = 0; lastKnownFileType = wrapper.application; name = MyApp.app; path = "乒乒乓乓.app"; sourceTree = BUILT_PRODUCTS_DIR; };
		FR_602837900341 /* Release.xcconfig */ = {isa = PBXFileReference; lastKnownFileType = text.xcconfig; path = Release.xcconfig; sourceTree = "<group>"; };
		FR_607733470270 /* MyUITests.swift */ = {isa = PBXFileReference; lastKnownFileType = sourcecode.swift; path = MyUITests.swift; sourceTree = "<group>"; };
		FR_670101025408 /* Info.plist */ = {isa = PBXFileReference; lastKnownFileType = text.plist.xml; path = Info.plist; sourceTree = "<group>"; };
		FR_755160748720 /* MyUnitTests.swift */ = {isa = PBXFileReference; lastKnownFileType = sourcecode.swift; path = MyUnitTests.swift; sourceTree = "<group>"; };
		FR_774524165954 /* Base */ = {isa = PBXFileReference; lastKnownFileType = file.storyboard; name = Base; path = Base.lproj/LaunchScreen.storyboard; sourceTree = "<group>"; };
		FR_786594586833 /* MyUnitTests.xctest */ = {isa = PBXFileReference; explicitFileType = wrapper.cfbundle; includeInIndex = 0; path = MyUnitTests.xctest; sourceTree = BUILT_PRODUCTS_DIR; };
		FR_815775922146 /* Info.plist */ = {isa = PBXFileReference; lastKnownFileType = text.plist.xml; path = Info.plist; sourceTree = "<group>"; };
		FR_859922093109 /* Info.plist */ = {isa = PBXFileReference; lastKnownFileType = text.plist.xml; path = Info.plist; sourceTree = "<group>"; };
		FR_865024989972 /* MyFrameworkUnitTests.xctest */ = {isa = PBXFileReference; includeInIndex = 0; lastKnownFileType = wrapper.cfbundle; path = MyFrameworkUnitTests.xctest; sourceTree = BUILT_PRODUCTS_DIR; };
		FR_919157826324 /* Base */ = {isa = PBXFileReference; lastKnownFileType = file.storyboard; name = Base; path = Base.lproj/Main.storyboard; sourceTree = "<group>"; };
/* End PBXFileReference section */

/* Begin PBXFrameworksBuildPhase section */
		1465805221F1D72B00031033 /* Frameworks */ = {
			isa = PBXFrameworksBuildPhase;
			buildActionMask = 2147483647;
			files = (
			);
			runOnlyForDeploymentPostprocessing = 0;
		};
		1465806021F1D78C00031033 /* Frameworks */ = {
			isa = PBXFrameworksBuildPhase;
			buildActionMask = 2147483647;
			files = (
			);
			runOnlyForDeploymentPostprocessing = 0;
		};
		FBP_47994637482 /* Frameworks */ = {
			isa = PBXFrameworksBuildPhase;
			buildActionMask = 2147483647;
			files = (
			);
			runOnlyForDeploymentPostprocessing = 0;
		};
/* End PBXFrameworksBuildPhase section */

/* Begin PBXGroup section */
		1465805621F1D72B00031033 /* asadqq */ = {
			isa = PBXGroup;
			children = (
				1465805721F1D72B00031033 /* asadqq.swift */,
				1465805921F1D72B00031033 /* Info.plist */,
			);
			path = asadqq;
			sourceTree = "<group>";
		};
		1465806421F1D78C00031033 /* qqqq */ = {
			isa = PBXGroup;
			children = (
				1465806521F1D78C00031033 /* qqqq.swift */,
				1465806721F1D78C00031033 /* Info.plist */,
			);
			path = qqqq;
			sourceTree = "<group>";
		};
		14C23FDF21F1B5A800A2D0A9 /* xcconfigs */ = {
			isa = PBXGroup;
			children = (
				FR_468302164643 /* Debug.xcconfig */,
				FR_602837900341 /* Release.xcconfig */,
			);
			path = xcconfigs;
			sourceTree = "<group>";
		};
		G_2993497873213 /* MyFramework */ = {
			isa = PBXGroup;
			children = (
				FR_815775922146 /* Info.plist */,
				FR_194573025500 /* MyFramework.h */,
				14A2229E21F1B456001C6DFB /* PlaceHold.swift */,
			);
			path = MyFramework;
			sourceTree = "<group>";
		};
		G_3692489176606 /* MyUITests */ = {
			isa = PBXGroup;
			children = (
				FR_859922093109 /* Info.plist */,
				FR_607733470270 /* MyUITests.swift */,
			);
			path = MyUITests;
			sourceTree = "<group>";
		};
		G_4799463748210 /* MyApp */ = {
			isa = PBXGroup;
			children = (
				14C23FDF21F1B5A800A2D0A9 /* xcconfigs */,
				FR_404978356824 /* AppDelegate.swift */,
				FR_378218052976 /* Assets.xcassets */,
				FR_120526455208 /* Info.plist */,
				VG_774524165954 /* LaunchScreen.storyboard */,
				VG_919157826324 /* Main.storyboard */,
				FR_139473914418 /* ViewController.swift */,
			);
			path = MyApp;
			sourceTree = "<group>";
		};
		G_7865945868336 /* MyUnitTests */ = {
			isa = PBXGroup;
			children = (
				FR_670101025408 /* Info.plist */,
				FR_755160748720 /* MyUnitTests.swift */,
			);
			path = MyUnitTests;
			sourceTree = "<group>";
		};
		G_8448771205358 = {
			isa = PBXGroup;
			children = (
				G_4799463748210 /* MyApp */,
				G_2993497873213 /* MyFramework */,
				G_8650249899727 /* MyFrameworkUnitTests */,
				G_3692489176606 /* MyUITests */,
				G_7865945868336 /* MyUnitTests */,
				1465805621F1D72B00031033 /* asadqq */,
				1465806421F1D78C00031033 /* qqqq */,
				G_8620238527590 /* Products */,
			);
			sourceTree = "<group>";
		};
		G_8620238527590 /* Products */ = {
			isa = PBXGroup;
			children = (
				FR_479946374821 /* MyApp.app */,
				FR_299349787321 /* MyFramework.framework */,
				FR_865024989972 /* MyFrameworkUnitTests.xctest */,
				FR_369248917660 /* MyUITests.xctest */,
				FR_786594586833 /* MyUnitTests.xctest */,
				1465805521F1D72B00031033 /* asadqq.xctest */,
				1465806321F1D78C00031033 /* qqqq.xctest */,
			);
			name = Products;
			sourceTree = "<group>";
		};
		G_8650249899727 /* MyFrameworkUnitTests */ = {
			isa = PBXGroup;
			children = (
				FR_195685326582 /* Info.plist */,
				FR_210475969464 /* MyFrameworkUnitTests.swift */,
			);
			path = MyFrameworkUnitTests;
			sourceTree = "<group>";
		};
/* End PBXGroup section */

/* Begin PBXHeadersBuildPhase section */
		HBP_29934978732 /* Headers */ = {
			isa = PBXHeadersBuildPhase;
			buildActionMask = 2147483647;
			files = (
				BF_152233425051 /* MyFramework.h in Headers */,
			);
			runOnlyForDeploymentPostprocessing = 0;
		};
/* End PBXHeadersBuildPhase section */

/* Begin PBXNativeTarget section */
		1465805421F1D72B00031033 /* asadqq */ = {
			isa = PBXNativeTarget;
			buildConfigurationList = 1465805C21F1D72B00031033 /* Build configuration list for PBXNativeTarget "asadqq" */;
			buildPhases = (
				1465805121F1D72B00031033 /* Sources */,
				1465805221F1D72B00031033 /* Frameworks */,
				1465805321F1D72B00031033 /* Resources */,
			);
			buildRules = (
			);
			dependencies = (
				1465805B21F1D72B00031033 /* PBXTargetDependency */,
			);
			name = asadqq;
			productName = asadqq;
			productReference = 1465805521F1D72B00031033 /* asadqq.xctest */;
			productType = "com.apple.product-type.bundle.unit-test";
		};
		1465806221F1D78C00031033 /* qqqq */ = {
			isa = PBXNativeTarget;
			buildConfigurationList = 1465806A21F1D78C00031033 /* Build configuration list for PBXNativeTarget "qqqq" */;
			buildPhases = (
				1465805F21F1D78C00031033 /* Sources */,
				1465806021F1D78C00031033 /* Frameworks */,
				1465806121F1D78C00031033 /* Resources */,
			);
			buildRules = (
			);
			dependencies = (
				1465806921F1D78C00031033 /* PBXTargetDependency */,
			);
			name = qqqq;
			productName = qqqq;
			productReference = 1465806321F1D78C00031033 /* qqqq.xctest */;
			productType = "com.apple.product-type.bundle.unit-test";
		};
		NT_299349787321 /* MyFramework */ = {
			isa = PBXNativeTarget;
			buildConfigurationList = CL_299349787321 /* Build configuration list for PBXNativeTarget "MyFramework" */;
			buildPhases = (
				HBP_29934978732 /* Headers */,
			);
			buildRules = (
			);
			dependencies = (
			);
			name = MyFramework;
			productName = MyFramework;
			productReference = FR_299349787321 /* MyFramework.framework */;
			productType = "com.apple.product-type.framework";
		};
		NT_369248917660 /* MyUITests */ = {
			isa = PBXNativeTarget;
			buildConfigurationList = CL_369248917660 /* Build configuration list for PBXNativeTarget "MyUITests" */;
			buildPhases = (
				SBP_36924891766 /* Sources */,
			);
			buildRules = (
			);
			dependencies = (
				TD_185781164684 /* PBXTargetDependency */,
			);
			name = MyUITests;
			productName = MyUITests;
			productReference = FR_369248917660 /* MyUITests.xctest */;
			productType = "com.apple.product-type.bundle.ui-testing";
		};
		NT_479946374821 /* MyApp */ = {
			isa = PBXNativeTarget;
			buildConfigurationList = CL_479946374821 /* Build configuration list for PBXNativeTarget "MyApp" */;
			buildPhases = (
				SSBP_5232751227 /* My prebuild */,
				SBP_47994637482 /* Sources */,
				RBP_47994637482 /* Resources */,
				FBP_47994637482 /* Frameworks */,
				SSBP_4893859574 /* My postbuild */,
			);
			buildRules = (
			);
			dependencies = (
			);
			name = MyApp;
			productName = MyApp;
			productReference = FR_479946374821 /* MyApp.app */;
			productType = "com.apple.product-type.application";
		};
		NT_786594586833 /* MyUnitTests */ = {
			isa = PBXNativeTarget;
			buildConfigurationList = CL_786594586833 /* Build configuration list for PBXNativeTarget "MyUnitTests" */;
			buildPhases = (
				SBP_78659458683 /* Sources */,
			);
			buildRules = (
			);
			dependencies = (
				146580AA21F1D7EC00031033 /* PBXTargetDependency */,
			);
			name = MyUnitTests;
			productName = MyUnitTests;
			productReference = FR_786594586833 /* MyUnitTests.xctest */;
			productType = "com.apple.product-type.bundle.unit-test";
		};
		NT_865024989972 /* MyFrameworkUnitTests */ = {
			isa = PBXNativeTarget;
			buildConfigurationList = CL_865024989972 /* Build configuration list for PBXNativeTarget "MyFrameworkUnitTests" */;
			buildPhases = (
				SBP_86502498997 /* Sources */,
			);
			buildRules = (
			);
			dependencies = (
			);
			name = MyFrameworkUnitTests;
			productName = MyFrameworkUnitTests;
			productReference = FR_865024989972 /* MyFrameworkUnitTests.xctest */;
			productType = "com.apple.product-type.bundle.unit-test";
		};
/* End PBXNativeTarget section */

/* Begin PBXProject section */
		P_3699554270853 /* Project object */ = {
			isa = PBXProject;
			attributes = {
				LastSwiftUpdateCheck = 0930;
				LastUpgradeCheck = 0930;
				ORGANIZATIONNAME = HSBC;
				TargetAttributes = {
					1465805421F1D72B00031033 = {
						CreatedOnToolsVersion = 9.3;
						DevelopmentTeam = F8ML633GQS;
						ProvisioningStyle = Automatic;
						TestTargetID = NT_479946374821;
					};
					1465806221F1D78C00031033 = {
						CreatedOnToolsVersion = 9.3;
						DevelopmentTeam = F8ML633GQS;
						ProvisioningStyle = Automatic;
						TestTargetID = NT_479946374821;
					};
					NT_299349787321 = {
						LastSwiftMigration = 1000;
					};
					NT_369248917660 = {
						TestTargetID = NT_479946374821;
					};
					NT_786594586833 = {
						ProvisioningStyle = Automatic;
						TestTargetID = NT_479946374821;
					};
				};
			};
			buildConfigurationList = CL_369955427085 /* Build configuration list for PBXProject "MyProject" */;
			compatibilityVersion = "Xcode 3.2";
			developmentRegion = en;
			hasScannedForEncodings = 0;
			knownRegions = (
				Base,
			);
			mainGroup = G_8448771205358;
			projectDirPath = "";
			projectRoot = "";
			targets = (
				NT_479946374821 /* MyApp */,
				NT_299349787321 /* MyFramework */,
				NT_865024989972 /* MyFrameworkUnitTests */,
				NT_369248917660 /* MyUITests */,
				NT_786594586833 /* MyUnitTests */,
				1465805421F1D72B00031033 /* asadqq */,
				1465806221F1D78C00031033 /* qqqq */,
			);
		};
/* End PBXProject section */

/* Begin PBXResourcesBuildPhase section */
		1465805321F1D72B00031033 /* Resources */ = {
			isa = PBXResourcesBuildPhase;
			buildActionMask = 2147483647;
			files = (
			);
			runOnlyForDeploymentPostprocessing = 0;
		};
		1465806121F1D78C00031033 /* Resources */ = {
			isa = PBXResourcesBuildPhase;
			buildActionMask = 2147483647;
			files = (
			);
			runOnlyForDeploymentPostprocessing = 0;
		};
		RBP_47994637482 /* Resources */ = {
			isa = PBXResourcesBuildPhase;
			buildActionMask = 2147483647;
			files = (
				BF_500157357591 /* Assets.xcassets in Resources */,
				BF_496818181043 /* LaunchScreen.storyboard in Resources */,
				BF_773742861029 /* Main.storyboard in Resources */,
			);
			runOnlyForDeploymentPostprocessing = 0;
		};
/* End PBXResourcesBuildPhase section */

/* Begin PBXShellScriptBuildPhase section */
		SSBP_4893859574 /* My postbuild */ = {
			isa = PBXShellScriptBuildPhase;
			buildActionMask = 2147483647;
			files = (
			);
			inputPaths = (
			);
			name = "My postbuild";
			outputPaths = (
			);
			runOnlyForDeploymentPostprocessing = 0;
			shellPath = /bin/sh;
			shellScript = "# use /bin/sh\n\necho ****** postbuild ******\n\n\n";
		};
		SSBP_5232751227 /* My prebuild */ = {
			isa = PBXShellScriptBuildPhase;
			buildActionMask = 2147483647;
			files = (
			);
			inputPaths = (
			);
			name = "My prebuild";
			outputPaths = (
			);
			runOnlyForDeploymentPostprocessing = 0;
			shellPath = /bin/sh;
			shellScript = "# use /bin/sh\n\necho ********* prebuild ***********\n\n";
		};
/* End PBXShellScriptBuildPhase section */

/* Begin PBXSourcesBuildPhase section */
		1465805121F1D72B00031033 /* Sources */ = {
			isa = PBXSourcesBuildPhase;
			buildActionMask = 2147483647;
			files = (
				1465805821F1D72B00031033 /* asadqq.swift in Sources */,
			);
			runOnlyForDeploymentPostprocessing = 0;
		};
		1465805F21F1D78C00031033 /* Sources */ = {
			isa = PBXSourcesBuildPhase;
			buildActionMask = 2147483647;
			files = (
				1465806621F1D78C00031033 /* qqqq.swift in Sources */,
			);
			runOnlyForDeploymentPostprocessing = 0;
		};
		SBP_36924891766 /* Sources */ = {
			isa = PBXSourcesBuildPhase;
			buildActionMask = 2147483647;
			files = (
				BF_311903075851 /* MyUITests.swift in Sources */,
			);
			runOnlyForDeploymentPostprocessing = 0;
		};
		SBP_47994637482 /* Sources */ = {
			isa = PBXSourcesBuildPhase;
			buildActionMask = 2147483647;
			files = (
				BF_280714084481 /* AppDelegate.swift in Sources */,
				BF_418778697507 /* ViewController.swift in Sources */,
			);
			runOnlyForDeploymentPostprocessing = 0;
		};
		SBP_78659458683 /* Sources */ = {
			isa = PBXSourcesBuildPhase;
			buildActionMask = 2147483647;
			files = (
				BF_512511575257 /* MyUnitTests.swift in Sources */,
			);
			runOnlyForDeploymentPostprocessing = 0;
		};
		SBP_86502498997 /* Sources */ = {
			isa = PBXSourcesBuildPhase;
			buildActionMask = 2147483647;
			files = (
				BF_897738855417 /* MyFrameworkUnitTests.swift in Sources */,
			);
			runOnlyForDeploymentPostprocessing = 0;
		};
/* End PBXSourcesBuildPhase section */

/* Begin PBXTargetDependency section */
		1465805B21F1D72B00031033 /* PBXTargetDependency */ = {
			isa = PBXTargetDependency;
			target = NT_479946374821 /* MyApp */;
			targetProxy = 1465805A21F1D72B00031033 /* PBXContainerItemProxy */;
		};
		1465806921F1D78C00031033 /* PBXTargetDependency */ = {
			isa = PBXTargetDependency;
			target = NT_479946374821 /* MyApp */;
			targetProxy = 1465806821F1D78C00031033 /* PBXContainerItemProxy */;
		};
		146580AA21F1D7EC00031033 /* PBXTargetDependency */ = {
			isa = PBXTargetDependency;
			target = NT_479946374821 /* MyApp */;
			targetProxy = 146580A921F1D7EC00031033 /* PBXContainerItemProxy */;
		};
		TD_185781164684 /* PBXTargetDependency */ = {
			isa = PBXTargetDependency;
			target = NT_479946374821 /* MyApp */;
			targetProxy = CIP_36924891766 /* PBXContainerItemProxy */;
		};
/* End PBXTargetDependency section */

/* Begin PBXVariantGroup section */
		VG_774524165954 /* LaunchScreen.storyboard */ = {
			isa = PBXVariantGroup;
			children = (
				FR_774524165954 /* Base */,
			);
			name = LaunchScreen.storyboard;
			sourceTree = "<group>";
		};
		VG_919157826324 /* Main.storyboard */ = {
			isa = PBXVariantGroup;
			children = (
				FR_919157826324 /* Base */,
			);
			name = Main.storyboard;
			sourceTree = "<group>";
		};
/* End PBXVariantGroup section */

/* Begin XCBuildConfiguration section */
		1465805D21F1D72B00031033 /* Production Release */ = {
			isa = XCBuildConfiguration;
			buildSettings = {
				ALWAYS_SEARCH_USER_PATHS = NO;
				BUNDLE_LOADER = "$(TEST_HOST)";
				CLANG_ANALYZER_NONNULL = YES;
				CLANG_ANALYZER_NUMBER_OBJECT_CONVERSION = YES_AGGRESSIVE;
				CLANG_CXX_LANGUAGE_STANDARD = "gnu++14";
				CLANG_CXX_LIBRARY = "libc++";
				CLANG_ENABLE_MODULES = YES;
				CLANG_ENABLE_OBJC_ARC = YES;
				CLANG_ENABLE_OBJC_WEAK = YES;
				CLANG_WARN_BLOCK_CAPTURE_AUTORELEASING = YES;
				CLANG_WARN_BOOL_CONVERSION = YES;
				CLANG_WARN_COMMA = YES;
				CLANG_WARN_CONSTANT_CONVERSION = YES;
				CLANG_WARN_DEPRECATED_OBJC_IMPLEMENTATIONS = YES;
				CLANG_WARN_DIRECT_OBJC_ISA_USAGE = YES_ERROR;
				CLANG_WARN_DOCUMENTATION_COMMENTS = YES;
				CLANG_WARN_EMPTY_BODY = YES;
				CLANG_WARN_ENUM_CONVERSION = YES;
				CLANG_WARN_INFINITE_RECURSION = YES;
				CLANG_WARN_INT_CONVERSION = YES;
				CLANG_WARN_NON_LITERAL_NULL_CONVERSION = YES;
				CLANG_WARN_OBJC_IMPLICIT_RETAIN_SELF = YES;
				CLANG_WARN_OBJC_LITERAL_CONVERSION = YES;
				CLANG_WARN_OBJC_ROOT_CLASS = YES_ERROR;
				CLANG_WARN_RANGE_LOOP_ANALYSIS = YES;
				CLANG_WARN_STRICT_PROTOTYPES = YES;
				CLANG_WARN_SUSPICIOUS_MOVE = YES;
				CLANG_WARN_UNGUARDED_AVAILABILITY = YES_AGGRESSIVE;
				CLANG_WARN_UNREACHABLE_CODE = YES;
				CLANG_WARN__DUPLICATE_METHOD_MATCH = YES;
				CODE_SIGN_IDENTITY = "iPhone Developer";
				CODE_SIGN_STYLE = Automatic;
				COPY_PHASE_STRIP = NO;
				DEBUG_INFORMATION_FORMAT = dwarf;
				DEVELOPMENT_TEAM = F8ML633GQS;
				ENABLE_STRICT_OBJC_MSGSEND = YES;
				ENABLE_TESTABILITY = YES;
				GCC_C_LANGUAGE_STANDARD = gnu11;
				GCC_DYNAMIC_NO_PIC = NO;
				GCC_NO_COMMON_BLOCKS = YES;
				GCC_OPTIMIZATION_LEVEL = 0;
				GCC_PREPROCESSOR_DEFINITIONS = (
					"DEBUG=1",
					"$(inherited)",
				);
				GCC_WARN_64_TO_32_BIT_CONVERSION = YES;
				GCC_WARN_ABOUT_RETURN_TYPE = YES_ERROR;
				GCC_WARN_UNDECLARED_SELECTOR = YES;
				GCC_WARN_UNINITIALIZED_AUTOS = YES_AGGRESSIVE;
				GCC_WARN_UNUSED_FUNCTION = YES;
				GCC_WARN_UNUSED_VARIABLE = YES;
				INFOPLIST_FILE = asadqq/Info.plist;
				IPHONEOS_DEPLOYMENT_TARGET = 11.3;
				LD_RUNPATH_SEARCH_PATHS = "$(inherited) @executable_path/Frameworks @loader_path/Frameworks";
				MTL_ENABLE_DEBUG_INFO = YES;
				ONLY_ACTIVE_ARCH = YES;
				PRODUCT_BUNDLE_IDENTIFIER = com.hsbc.asadqq;
				PRODUCT_NAME = "$(TARGET_NAME)";
				SDKROOT = iphoneos;
				SWIFT_ACTIVE_COMPILATION_CONDITIONS = DEBUG;
				SWIFT_OPTIMIZATION_LEVEL = "-Onone";
				SWIFT_VERSION = 4.0;
				TARGETED_DEVICE_FAMILY = "1,2";
				TEST_HOST = "$(BUILT_PRODUCTS_DIR)/乒乒乓乓.app/乒乒乓乓";
			};
			name = "Production Release";
		};
		1465805E21F1D72B00031033 /* Test Debug */ = {
			isa = XCBuildConfiguration;
			buildSettings = {
				ALWAYS_SEARCH_USER_PATHS = NO;
				BUNDLE_LOADER = "$(TEST_HOST)";
				CLANG_ANALYZER_NONNULL = YES;
				CLANG_ANALYZER_NUMBER_OBJECT_CONVERSION = YES_AGGRESSIVE;
				CLANG_CXX_LANGUAGE_STANDARD = "gnu++14";
				CLANG_CXX_LIBRARY = "libc++";
				CLANG_ENABLE_MODULES = YES;
				CLANG_ENABLE_OBJC_ARC = YES;
				CLANG_ENABLE_OBJC_WEAK = YES;
				CLANG_WARN_BLOCK_CAPTURE_AUTORELEASING = YES;
				CLANG_WARN_BOOL_CONVERSION = YES;
				CLANG_WARN_COMMA = YES;
				CLANG_WARN_CONSTANT_CONVERSION = YES;
				CLANG_WARN_DEPRECATED_OBJC_IMPLEMENTATIONS = YES;
				CLANG_WARN_DIRECT_OBJC_ISA_USAGE = YES_ERROR;
				CLANG_WARN_DOCUMENTATION_COMMENTS = YES;
				CLANG_WARN_EMPTY_BODY = YES;
				CLANG_WARN_ENUM_CONVERSION = YES;
				CLANG_WARN_INFINITE_RECURSION = YES;
				CLANG_WARN_INT_CONVERSION = YES;
				CLANG_WARN_NON_LITERAL_NULL_CONVERSION = YES;
				CLANG_WARN_OBJC_IMPLICIT_RETAIN_SELF = YES;
				CLANG_WARN_OBJC_LITERAL_CONVERSION = YES;
				CLANG_WARN_OBJC_ROOT_CLASS = YES_ERROR;
				CLANG_WARN_RANGE_LOOP_ANALYSIS = YES;
				CLANG_WARN_STRICT_PROTOTYPES = YES;
				CLANG_WARN_SUSPICIOUS_MOVE = YES;
				CLANG_WARN_UNGUARDED_AVAILABILITY = YES_AGGRESSIVE;
				CLANG_WARN_UNREACHABLE_CODE = YES;
				CLANG_WARN__DUPLICATE_METHOD_MATCH = YES;
				CODE_SIGN_IDENTITY = "iPhone Developer";
				CODE_SIGN_STYLE = Automatic;
				COPY_PHASE_STRIP = NO;
				DEBUG_INFORMATION_FORMAT = "dwarf-with-dsym";
				DEVELOPMENT_TEAM = F8ML633GQS;
				ENABLE_NS_ASSERTIONS = NO;
				ENABLE_STRICT_OBJC_MSGSEND = YES;
				GCC_C_LANGUAGE_STANDARD = gnu11;
				GCC_NO_COMMON_BLOCKS = YES;
				GCC_WARN_64_TO_32_BIT_CONVERSION = YES;
				GCC_WARN_ABOUT_RETURN_TYPE = YES_ERROR;
				GCC_WARN_UNDECLARED_SELECTOR = YES;
				GCC_WARN_UNINITIALIZED_AUTOS = YES_AGGRESSIVE;
				GCC_WARN_UNUSED_FUNCTION = YES;
				GCC_WARN_UNUSED_VARIABLE = YES;
				INFOPLIST_FILE = asadqq/Info.plist;
				IPHONEOS_DEPLOYMENT_TARGET = 11.3;
				LD_RUNPATH_SEARCH_PATHS = "$(inherited) @executable_path/Frameworks @loader_path/Frameworks";
				MTL_ENABLE_DEBUG_INFO = NO;
				PRODUCT_BUNDLE_IDENTIFIER = com.hsbc.asadqq;
				PRODUCT_NAME = "$(TARGET_NAME)";
				SDKROOT = iphoneos;
				SWIFT_OPTIMIZATION_LEVEL = "-Owholemodule";
				SWIFT_VERSION = 4.0;
				TARGETED_DEVICE_FAMILY = "1,2";
				TEST_HOST = "$(BUILT_PRODUCTS_DIR)/乒乒乓乓.app/乒乒乓乓";
				VALIDATE_PRODUCT = YES;
			};
			name = "Test Debug";
		};
		1465806B21F1D78C00031033 /* Production Release */ = {
			isa = XCBuildConfiguration;
			buildSettings = {
				ALWAYS_SEARCH_USER_PATHS = NO;
				BUNDLE_LOADER = "$(TEST_HOST)";
				CLANG_ANALYZER_NONNULL = YES;
				CLANG_ANALYZER_NUMBER_OBJECT_CONVERSION = YES_AGGRESSIVE;
				CLANG_CXX_LANGUAGE_STANDARD = "gnu++14";
				CLANG_CXX_LIBRARY = "libc++";
				CLANG_ENABLE_MODULES = YES;
				CLANG_ENABLE_OBJC_ARC = YES;
				CLANG_ENABLE_OBJC_WEAK = YES;
				CLANG_WARN_BLOCK_CAPTURE_AUTORELEASING = YES;
				CLANG_WARN_BOOL_CONVERSION = YES;
				CLANG_WARN_COMMA = YES;
				CLANG_WARN_CONSTANT_CONVERSION = YES;
				CLANG_WARN_DEPRECATED_OBJC_IMPLEMENTATIONS = YES;
				CLANG_WARN_DIRECT_OBJC_ISA_USAGE = YES_ERROR;
				CLANG_WARN_DOCUMENTATION_COMMENTS = YES;
				CLANG_WARN_EMPTY_BODY = YES;
				CLANG_WARN_ENUM_CONVERSION = YES;
				CLANG_WARN_INFINITE_RECURSION = YES;
				CLANG_WARN_INT_CONVERSION = YES;
				CLANG_WARN_NON_LITERAL_NULL_CONVERSION = YES;
				CLANG_WARN_OBJC_IMPLICIT_RETAIN_SELF = YES;
				CLANG_WARN_OBJC_LITERAL_CONVERSION = YES;
				CLANG_WARN_OBJC_ROOT_CLASS = YES_ERROR;
				CLANG_WARN_RANGE_LOOP_ANALYSIS = YES;
				CLANG_WARN_STRICT_PROTOTYPES = YES;
				CLANG_WARN_SUSPICIOUS_MOVE = YES;
				CLANG_WARN_UNGUARDED_AVAILABILITY = YES_AGGRESSIVE;
				CLANG_WARN_UNREACHABLE_CODE = YES;
				CLANG_WARN__DUPLICATE_METHOD_MATCH = YES;
				CODE_SIGN_IDENTITY = "iPhone Developer";
				CODE_SIGN_STYLE = Automatic;
				COPY_PHASE_STRIP = NO;
				DEBUG_INFORMATION_FORMAT = dwarf;
				DEVELOPMENT_TEAM = F8ML633GQS;
				ENABLE_STRICT_OBJC_MSGSEND = YES;
				ENABLE_TESTABILITY = YES;
				GCC_C_LANGUAGE_STANDARD = gnu11;
				GCC_DYNAMIC_NO_PIC = NO;
				GCC_NO_COMMON_BLOCKS = YES;
				GCC_OPTIMIZATION_LEVEL = 0;
				GCC_PREPROCESSOR_DEFINITIONS = (
					"DEBUG=1",
					"$(inherited)",
				);
				GCC_WARN_64_TO_32_BIT_CONVERSION = YES;
				GCC_WARN_ABOUT_RETURN_TYPE = YES_ERROR;
				GCC_WARN_UNDECLARED_SELECTOR = YES;
				GCC_WARN_UNINITIALIZED_AUTOS = YES_AGGRESSIVE;
				GCC_WARN_UNUSED_FUNCTION = YES;
				GCC_WARN_UNUSED_VARIABLE = YES;
				INFOPLIST_FILE = qqqq/Info.plist;
				IPHONEOS_DEPLOYMENT_TARGET = 11.3;
				LD_RUNPATH_SEARCH_PATHS = "$(inherited) @executable_path/Frameworks @loader_path/Frameworks";
				MTL_ENABLE_DEBUG_INFO = YES;
				ONLY_ACTIVE_ARCH = YES;
				PRODUCT_BUNDLE_IDENTIFIER = com.hsbc.qqqq;
				PRODUCT_NAME = "$(TARGET_NAME)";
				SDKROOT = iphoneos;
				SWIFT_ACTIVE_COMPILATION_CONDITIONS = DEBUG;
				SWIFT_OPTIMIZATION_LEVEL = "-Onone";
				SWIFT_VERSION = 4.0;
				TARGETED_DEVICE_FAMILY = "1,2";
				TEST_HOST = "$(BUILT_PRODUCTS_DIR)/乒乒乓乓.app/乒乒乓乓";
			};
			name = "Production Release";
		};
		1465806C21F1D78C00031033 /* Test Debug */ = {
			isa = XCBuildConfiguration;
			buildSettings = {
				ALWAYS_SEARCH_USER_PATHS = NO;
				BUNDLE_LOADER = "$(TEST_HOST)";
				CLANG_ANALYZER_NONNULL = YES;
				CLANG_ANALYZER_NUMBER_OBJECT_CONVERSION = YES_AGGRESSIVE;
				CLANG_CXX_LANGUAGE_STANDARD = "gnu++14";
				CLANG_CXX_LIBRARY = "libc++";
				CLANG_ENABLE_MODULES = YES;
				CLANG_ENABLE_OBJC_ARC = YES;
				CLANG_ENABLE_OBJC_WEAK = YES;
				CLANG_WARN_BLOCK_CAPTURE_AUTORELEASING = YES;
				CLANG_WARN_BOOL_CONVERSION = YES;
				CLANG_WARN_COMMA = YES;
				CLANG_WARN_CONSTANT_CONVERSION = YES;
				CLANG_WARN_DEPRECATED_OBJC_IMPLEMENTATIONS = YES;
				CLANG_WARN_DIRECT_OBJC_ISA_USAGE = YES_ERROR;
				CLANG_WARN_DOCUMENTATION_COMMENTS = YES;
				CLANG_WARN_EMPTY_BODY = YES;
				CLANG_WARN_ENUM_CONVERSION = YES;
				CLANG_WARN_INFINITE_RECURSION = YES;
				CLANG_WARN_INT_CONVERSION = YES;
				CLANG_WARN_NON_LITERAL_NULL_CONVERSION = YES;
				CLANG_WARN_OBJC_IMPLICIT_RETAIN_SELF = YES;
				CLANG_WARN_OBJC_LITERAL_CONVERSION = YES;
				CLANG_WARN_OBJC_ROOT_CLASS = YES_ERROR;
				CLANG_WARN_RANGE_LOOP_ANALYSIS = YES;
				CLANG_WARN_STRICT_PROTOTYPES = YES;
				CLANG_WARN_SUSPICIOUS_MOVE = YES;
				CLANG_WARN_UNGUARDED_AVAILABILITY = YES_AGGRESSIVE;
				CLANG_WARN_UNREACHABLE_CODE = YES;
				CLANG_WARN__DUPLICATE_METHOD_MATCH = YES;
				CODE_SIGN_IDENTITY = "iPhone Developer";
				CODE_SIGN_STYLE = Automatic;
				COPY_PHASE_STRIP = NO;
				DEBUG_INFORMATION_FORMAT = "dwarf-with-dsym";
				DEVELOPMENT_TEAM = F8ML633GQS;
				ENABLE_NS_ASSERTIONS = NO;
				ENABLE_STRICT_OBJC_MSGSEND = YES;
				GCC_C_LANGUAGE_STANDARD = gnu11;
				GCC_NO_COMMON_BLOCKS = YES;
				GCC_WARN_64_TO_32_BIT_CONVERSION = YES;
				GCC_WARN_ABOUT_RETURN_TYPE = YES_ERROR;
				GCC_WARN_UNDECLARED_SELECTOR = YES;
				GCC_WARN_UNINITIALIZED_AUTOS = YES_AGGRESSIVE;
				GCC_WARN_UNUSED_FUNCTION = YES;
				GCC_WARN_UNUSED_VARIABLE = YES;
				INFOPLIST_FILE = qqqq/Info.plist;
				IPHONEOS_DEPLOYMENT_TARGET = 11.3;
				LD_RUNPATH_SEARCH_PATHS = "$(inherited) @executable_path/Frameworks @loader_path/Frameworks";
				MTL_ENABLE_DEBUG_INFO = NO;
				PRODUCT_BUNDLE_IDENTIFIER = com.hsbc.qqqq;
				PRODUCT_NAME = "$(TARGET_NAME)";
				SDKROOT = iphoneos;
				SWIFT_OPTIMIZATION_LEVEL = "-Owholemodule";
				SWIFT_VERSION = 4.0;
				TARGETED_DEVICE_FAMILY = "1,2";
				TEST_HOST = "$(BUILT_PRODUCTS_DIR)/乒乒乓乓.app/乒乒乓乓";
				VALIDATE_PRODUCT = YES;
			};
			name = "Test Debug";
		};
		BC_206923954209 /* Production Release */ = {
			isa = XCBuildConfiguration;
			buildSettings = {
				CLANG_ENABLE_MODULES = YES;
				CODE_SIGN_IDENTITY = "";
				CURRENT_PROJECT_VERSION = 1;
				DEFINES_MODULE = YES;
				DYLIB_COMPATIBILITY_VERSION = 1;
				DYLIB_CURRENT_VERSION = 1;
				DYLIB_INSTALL_NAME_BASE = "@rpath";
				ENABLE_TESTABILITY = YES;
				INFOPLIST_FILE = MyFramework/Info.plist;
				INSTALL_PATH = "$(LOCAL_LIBRARY_DIR)/Frameworks";
				LD_RUNPATH_SEARCH_PATHS = "$(inherited) @executable_path/Frameworks";
				PRODUCT_BUNDLE_IDENTIFIER = com.hsbc.global.mobile.MyFramework;
				SDKROOT = iphoneos;
				SKIP_INSTALL = YES;
				SWIFT_VERSION = 4.2;
				TARGETED_DEVICE_FAMILY = "1,2";
				VERSIONING_SYSTEM = "apple-generic";
			};
			name = "Production Release";
		};
		BC_242096321611 /* Production Release */ = {
			isa = XCBuildConfiguration;
			buildSettings = {
				ALWAYS_SEARCH_USER_PATHS = NO;
				CLANG_ANALYZER_NONNULL = YES;
				CLANG_ANALYZER_NUMBER_OBJECT_CONVERSION = YES_AGGRESSIVE;
				CLANG_CXX_LANGUAGE_STANDARD = "gnu++14";
				CLANG_CXX_LIBRARY = "libc++";
				CLANG_ENABLE_MODULES = YES;
				CLANG_ENABLE_OBJC_ARC = YES;
				CLANG_WARN_BLOCK_CAPTURE_AUTORELEASING = YES;
				CLANG_WARN_BOOL_CONVERSION = YES;
				CLANG_WARN_COMMA = YES;
				CLANG_WARN_CONSTANT_CONVERSION = YES;
				CLANG_WARN_DEPRECATED_OBJC_IMPLEMENTATIONS = YES;
				CLANG_WARN_DIRECT_OBJC_ISA_USAGE = YES_ERROR;
				CLANG_WARN_DOCUMENTATION_COMMENTS = YES;
				CLANG_WARN_EMPTY_BODY = YES;
				CLANG_WARN_ENUM_CONVERSION = YES;
				CLANG_WARN_INFINITE_RECURSION = YES;
				CLANG_WARN_INT_CONVERSION = YES;
				CLANG_WARN_NON_LITERAL_NULL_CONVERSION = YES;
				CLANG_WARN_OBJC_IMPLICIT_RETAIN_SELF = YES;
				CLANG_WARN_OBJC_LITERAL_CONVERSION = YES;
				CLANG_WARN_OBJC_ROOT_CLASS = YES_ERROR;
				CLANG_WARN_RANGE_LOOP_ANALYSIS = YES;
				CLANG_WARN_STRICT_PROTOTYPES = YES;
				CLANG_WARN_SUSPICIOUS_MOVE = YES;
				CLANG_WARN_UNGUARDED_AVAILABILITY = YES_AGGRESSIVE;
				CLANG_WARN_UNREACHABLE_CODE = YES;
				CLANG_WARN__DUPLICATE_METHOD_MATCH = YES;
				COPY_PHASE_STRIP = NO;
				DEBUG_INFORMATION_FORMAT = "dwarf-with-dsym";
				ENABLE_NS_ASSERTIONS = NO;
				ENABLE_STRICT_OBJC_MSGSEND = YES;
				GCC_C_LANGUAGE_STANDARD = gnu11;
				GCC_NO_COMMON_BLOCKS = YES;
				GCC_WARN_64_TO_32_BIT_CONVERSION = YES;
				GCC_WARN_ABOUT_RETURN_TYPE = YES_ERROR;
				GCC_WARN_UNDECLARED_SELECTOR = YES;
				GCC_WARN_UNINITIALIZED_AUTOS = YES_AGGRESSIVE;
				GCC_WARN_UNUSED_FUNCTION = YES;
				GCC_WARN_UNUSED_VARIABLE = YES;
				IPHONEOS_DEPLOYMENT_TARGET = 9.0;
				PRODUCT_NAME = "$(TARGET_NAME)";
				SWIFT_OPTIMIZATION_LEVEL = "-Owholemodule";
				SWIFT_VERSION = 4.0;
				VALIDATE_PRODUCT = YES;
			};
			name = "Production Release";
		};
		BC_406241306473 /* Production Release */ = {
			isa = XCBuildConfiguration;
			buildSettings = {
				BUNDLE_LOADER = "$(TEST_HOST)";
				INFOPLIST_FILE = MyUITests/Info.plist;
				LD_RUNPATH_SEARCH_PATHS = "$(inherited) @executable_path/Frameworks @loader_path/Frameworks";
				PRODUCT_BUNDLE_IDENTIFIER = com.hsbc.global.mobile.MyUITests;
				SDKROOT = iphoneos;
				TARGETED_DEVICE_FAMILY = "1,2";
				TEST_TARGET_NAME = MyApp;
			};
			name = "Production Release";
		};
		BC_453435017104 /* Test Debug */ = {
			isa = XCBuildConfiguration;
			buildSettings = {
				CLANG_ENABLE_MODULES = YES;
				CODE_SIGN_IDENTITY = "";
				CURRENT_PROJECT_VERSION = 1;
				DEFINES_MODULE = YES;
				DYLIB_COMPATIBILITY_VERSION = 1;
				DYLIB_CURRENT_VERSION = 1;
				DYLIB_INSTALL_NAME_BASE = "@rpath";
				ENABLE_TESTABILITY = YES;
				INFOPLIST_FILE = MyFramework/Info.plist;
				INSTALL_PATH = "$(LOCAL_LIBRARY_DIR)/Frameworks";
				LD_RUNPATH_SEARCH_PATHS = "$(inherited) @executable_path/Frameworks";
				PRODUCT_BUNDLE_IDENTIFIER = com.hsbc.global.mobile.MyFramework;
				SDKROOT = iphoneos;
				SKIP_INSTALL = YES;
				SWIFT_OPTIMIZATION_LEVEL = "-Onone";
				SWIFT_VERSION = 4.2;
				TARGETED_DEVICE_FAMILY = "1,2";
				VERSIONING_SYSTEM = "apple-generic";
			};
			name = "Test Debug";
		};
		BC_476225116987 /* Test Debug */ = {
			isa = XCBuildConfiguration;
			buildSettings = {
				BUNDLE_LOADER = "$(TEST_HOST)";
				INFOPLIST_FILE = MyFrameworkUnitTests/Info.plist;
				LD_RUNPATH_SEARCH_PATHS = "$(inherited) @executable_path/Frameworks @loader_path/Frameworks";
				PRODUCT_BUNDLE_IDENTIFIER = com.hsbc.global.mobile.MyFrameworkUnitTests;
				SDKROOT = iphoneos;
				TARGETED_DEVICE_FAMILY = "1,2";
			};
			name = "Test Debug";
		};
		BC_588468806410 /* Production Release */ = {
			isa = XCBuildConfiguration;
			baseConfigurationReference = FR_602837900341 /* Release.xcconfig */;
			buildSettings = {
				ASSETCATALOG_COMPILER_APPICON_NAME = AppIcon;
				BUILD_SETTING_1 = "value 1";
				BUILD_SETTING_2 = "Release value 2";
				"CODE_SIGN_IDENTITY[sdk=iphoneos*]" = "iPhone Developer";
				CUSTOM_BUILD_SETTING = my_value;
				ENABLE_TESTABILITY = YES;
				INFOPLIST_FILE = MyApp/Info.plist;
				LD_RUNPATH_SEARCH_PATHS = "$(inherited) @executable_path/Frameworks";
				PRODUCT_BUNDLE_IDENTIFIER = com.hsbc.global.mobile.MyApp;
				PRODUCT_NAME = "乒乒乓乓";
				SDKROOT = iphoneos;
				TARGETED_DEVICE_FAMILY = "1,2";
			};
			name = "Production Release";
		};
		BC_670701949792 /* Test Debug */ = {
			isa = XCBuildConfiguration;
			baseConfigurationReference = FR_468302164643 /* Debug.xcconfig */;
			buildSettings = {
				ASSETCATALOG_COMPILER_APPICON_NAME = AppIcon;
				BUILD_SETTING_1 = "value 1";
				BUILD_SETTING_2 = "Debug value 2";
				"CODE_SIGN_IDENTITY[sdk=iphoneos*]" = "iPhone Developer";
				CUSTOM_BUILD_SETTING = my_value;
				INFOPLIST_FILE = MyApp/Info.plist;
				LD_RUNPATH_SEARCH_PATHS = "$(inherited) @executable_path/Frameworks";
				PRODUCT_BUNDLE_IDENTIFIER = com.hsbc.global.mobile.MyApp;
				PRODUCT_NAME = "乒乒乓乓";
				SDKROOT = iphoneos;
				TARGETED_DEVICE_FAMILY = "1,2";
			};
			name = "Test Debug";
		};
		BC_832100796021 /* Test Debug */ = {
			isa = XCBuildConfiguration;
			buildSettings = {
				ALWAYS_SEARCH_USER_PATHS = NO;
				CLANG_ANALYZER_NONNULL = YES;
				CLANG_ANALYZER_NUMBER_OBJECT_CONVERSION = YES_AGGRESSIVE;
				CLANG_CXX_LANGUAGE_STANDARD = "gnu++14";
				CLANG_CXX_LIBRARY = "libc++";
				CLANG_ENABLE_MODULES = YES;
				CLANG_ENABLE_OBJC_ARC = YES;
				CLANG_WARN_BLOCK_CAPTURE_AUTORELEASING = YES;
				CLANG_WARN_BOOL_CONVERSION = YES;
				CLANG_WARN_COMMA = YES;
				CLANG_WARN_CONSTANT_CONVERSION = YES;
				CLANG_WARN_DEPRECATED_OBJC_IMPLEMENTATIONS = YES;
				CLANG_WARN_DIRECT_OBJC_ISA_USAGE = YES_ERROR;
				CLANG_WARN_DOCUMENTATION_COMMENTS = YES;
				CLANG_WARN_EMPTY_BODY = YES;
				CLANG_WARN_ENUM_CONVERSION = YES;
				CLANG_WARN_INFINITE_RECURSION = YES;
				CLANG_WARN_INT_CONVERSION = YES;
				CLANG_WARN_NON_LITERAL_NULL_CONVERSION = YES;
				CLANG_WARN_OBJC_IMPLICIT_RETAIN_SELF = YES;
				CLANG_WARN_OBJC_LITERAL_CONVERSION = YES;
				CLANG_WARN_OBJC_ROOT_CLASS = YES_ERROR;
				CLANG_WARN_RANGE_LOOP_ANALYSIS = YES;
				CLANG_WARN_STRICT_PROTOTYPES = YES;
				CLANG_WARN_SUSPICIOUS_MOVE = YES;
				CLANG_WARN_UNGUARDED_AVAILABILITY = YES_AGGRESSIVE;
				CLANG_WARN_UNREACHABLE_CODE = YES;
				CLANG_WARN__DUPLICATE_METHOD_MATCH = YES;
				COPY_PHASE_STRIP = NO;
				DEBUG_INFORMATION_FORMAT = dwarf;
				ENABLE_STRICT_OBJC_MSGSEND = YES;
				ENABLE_TESTABILITY = YES;
				GCC_C_LANGUAGE_STANDARD = gnu11;
				GCC_DYNAMIC_NO_PIC = NO;
				GCC_NO_COMMON_BLOCKS = YES;
				GCC_OPTIMIZATION_LEVEL = 0;
				GCC_PREPROCESSOR_DEFINITIONS = (
					"$(inherited)",
					"DEBUG=1",
				);
				GCC_WARN_64_TO_32_BIT_CONVERSION = YES;
				GCC_WARN_ABOUT_RETURN_TYPE = YES_ERROR;
				GCC_WARN_UNDECLARED_SELECTOR = YES;
				GCC_WARN_UNINITIALIZED_AUTOS = YES_AGGRESSIVE;
				GCC_WARN_UNUSED_FUNCTION = YES;
				GCC_WARN_UNUSED_VARIABLE = YES;
				IPHONEOS_DEPLOYMENT_TARGET = 9.0;
				MTL_ENABLE_DEBUG_INFO = YES;
				ONLY_ACTIVE_ARCH = YES;
				PRODUCT_NAME = "$(TARGET_NAME)";
				SWIFT_ACTIVE_COMPILATION_CONDITIONS = DEBUG;
				SWIFT_OPTIMIZATION_LEVEL = "-Onone";
				SWIFT_VERSION = 4.0;
			};
			name = "Test Debug";
		};
		BC_868203681391 /* Production Release */ = {
			isa = XCBuildConfiguration;
			buildSettings = {
				BUNDLE_LOADER = "$(TEST_HOST)";
				CODE_SIGN_IDENTITY = "iPhone Developer";
				CODE_SIGN_STYLE = Automatic;
				DEVELOPMENT_TEAM = "";
				INFOPLIST_FILE = MyUnitTests/Info.plist;
				LD_RUNPATH_SEARCH_PATHS = "$(inherited) @executable_path/Frameworks @loader_path/Frameworks";
				PRODUCT_BUNDLE_IDENTIFIER = com.hsbc.global.mobile.MyUnitTests;
				PROVISIONING_PROFILE_SPECIFIER = "";
				SDKROOT = iphoneos;
				TARGETED_DEVICE_FAMILY = "1,2";
				TEST_HOST = "$(BUILT_PRODUCTS_DIR)/乒乒乓乓.app/乒乒乓乓";
			};
			name = "Production Release";
		};
		BC_904900289168 /* Test Debug */ = {
			isa = XCBuildConfiguration;
			buildSettings = {
				BUNDLE_LOADER = "$(TEST_HOST)";
				CODE_SIGN_IDENTITY = "iPhone Developer";
				CODE_SIGN_STYLE = Automatic;
				DEVELOPMENT_TEAM = "";
				INFOPLIST_FILE = MyUnitTests/Info.plist;
				LD_RUNPATH_SEARCH_PATHS = "$(inherited) @executable_path/Frameworks @loader_path/Frameworks";
				PRODUCT_BUNDLE_IDENTIFIER = com.hsbc.global.mobile.MyUnitTests;
				PROVISIONING_PROFILE_SPECIFIER = "";
				SDKROOT = iphoneos;
				TARGETED_DEVICE_FAMILY = "1,2";
				TEST_HOST = "$(BUILT_PRODUCTS_DIR)/乒乒乓乓.app/乒乒乓乓";
			};
			name = "Test Debug";
		};
		BC_915735663300 /* Production Release */ = {
			isa = XCBuildConfiguration;
			buildSettings = {
				BUNDLE_LOADER = "$(TEST_HOST)";
				INFOPLIST_FILE = MyFrameworkUnitTests/Info.plist;
				LD_RUNPATH_SEARCH_PATHS = "$(inherited) @executable_path/Frameworks @loader_path/Frameworks";
				PRODUCT_BUNDLE_IDENTIFIER = com.hsbc.global.mobile.MyFrameworkUnitTests;
				SDKROOT = iphoneos;
				TARGETED_DEVICE_FAMILY = "1,2";
			};
			name = "Production Release";
		};
		BC_926785927677 /* Test Debug */ = {
			isa = XCBuildConfiguration;
			buildSettings = {
				BUNDLE_LOADER = "$(TEST_HOST)";
				INFOPLIST_FILE = MyUITests/Info.plist;
				LD_RUNPATH_SEARCH_PATHS = "$(inherited) @executable_path/Frameworks @loader_path/Frameworks";
				PRODUCT_BUNDLE_IDENTIFIER = com.hsbc.global.mobile.MyUITests;
				SDKROOT = iphoneos;
				TARGETED_DEVICE_FAMILY = "1,2";
				TEST_TARGET_NAME = MyApp;
			};
			name = "Test Debug";
		};
/* End XCBuildConfiguration section */

/* Begin XCConfigurationList section */
		1465805C21F1D72B00031033 /* Build configuration list for PBXNativeTarget "asadqq" */ = {
			isa = XCConfigurationList;
			buildConfigurations = (
				1465805D21F1D72B00031033 /* Production Release */,
				1465805E21F1D72B00031033 /* Test Debug */,
			);
			defaultConfigurationIsVisible = 0;
			defaultConfigurationName = "Production Release";
		};
		1465806A21F1D78C00031033 /* Build configuration list for PBXNativeTarget "qqqq" */ = {
			isa = XCConfigurationList;
			buildConfigurations = (
				1465806B21F1D78C00031033 /* Production Release */,
				1465806C21F1D78C00031033 /* Test Debug */,
			);
			defaultConfigurationIsVisible = 0;
			defaultConfigurationName = "Production Release";
		};
		CL_299349787321 /* Build configuration list for PBXNativeTarget "MyFramework" */ = {
			isa = XCConfigurationList;
			buildConfigurations = (
				BC_206923954209 /* Production Release */,
				BC_453435017104 /* Test Debug */,
			);
			defaultConfigurationIsVisible = 0;
			defaultConfigurationName = "";
		};
		CL_369248917660 /* Build configuration list for PBXNativeTarget "MyUITests" */ = {
			isa = XCConfigurationList;
			buildConfigurations = (
				BC_406241306473 /* Production Release */,
				BC_926785927677 /* Test Debug */,
			);
			defaultConfigurationIsVisible = 0;
			defaultConfigurationName = "";
		};
		CL_369955427085 /* Build configuration list for PBXProject "MyProject" */ = {
			isa = XCConfigurationList;
			buildConfigurations = (
				BC_242096321611 /* Production Release */,
				BC_832100796021 /* Test Debug */,
			);
			defaultConfigurationIsVisible = 0;
			defaultConfigurationName = "Production Release";
		};
		CL_479946374821 /* Build configuration list for PBXNativeTarget "MyApp" */ = {
			isa = XCConfigurationList;
			buildConfigurations = (
				BC_588468806410 /* Production Release */,
				BC_670701949792 /* Test Debug */,
			);
			defaultConfigurationIsVisible = 0;
			defaultConfigurationName = "";
		};
		CL_786594586833 /* Build configuration list for PBXNativeTarget "MyUnitTests" */ = {
			isa = XCConfigurationList;
			buildConfigurations = (
				BC_868203681391 /* Production Release */,
				BC_904900289168 /* Test Debug */,
			);
			defaultConfigurationIsVisible = 0;
			defaultConfigurationName = "";
		};
		CL_865024989972 /* Build configuration list for PBXNativeTarget "MyFrameworkUnitTests" */ = {
			isa = XCConfigurationList;
			buildConfigurations = (
				BC_915735663300 /* Production Release */,
				BC_476225116987 /* Test Debug */,
			);
			defaultConfigurationIsVisible = 0;
			defaultConfigurationName = "";
		};
/* End XCConfigurationList section */
	};
	rootObject = P_3699554270853 /* Project object */;
}
